
Microsoft Visual Studio Solution File, Format Version 12.00
# Visual Studio 15
VisualStudioVersion = 15.0.28307.757
MinimumVisualStudioVersion = 10.0.40219.1
Project("{F14B399A-7131-4C87-9E4B-1186C45EF12D}") = "Bridget Weekly Report", "Bridget Weekly Report.rptproj", "{7BD24AA6-B907-49B2-A1FE-E540A8DAF68B}"
EndProject
Global
	GlobalSection(SolutionConfigurationPlatforms) = preSolution
		Debug|Default = Debug|Default
		DebugLocal|Default = DebugLocal|Default
		Release|Default = Release|Default
	EndGlobalSection
	GlobalSection(ProjectConfigurationPlatforms) = postSolution
		{7BD24AA6-B907-49B2-A1FE-E540A8DAF68B}.Debug|Default.ActiveCfg = Debug
		{7BD24AA6-B907-49B2-A1FE-E540A8DAF68B}.Debug|Default.Build.0 = Debug
		{7BD24AA6-B907-49B2-A1FE-E540A8DAF68B}.Debug|Default.Deploy.0 = Debug
		{7BD24AA6-B907-49B2-A1FE-E540A8DAF68B}.DebugLocal|Default.ActiveCfg = DebugLocal
		{7BD24AA6-B907-49B2-A1FE-E540A8DAF68B}.DebugLocal|Default.Build.0 = DebugLocal
		{7BD24AA6-B907-49B2-A1FE-E540A8DAF68B}.Release|Default.ActiveCfg = Release
		{7BD24AA6-B907-49B2-A1FE-E540A8DAF68B}.Release|Default.Build.0 = Release
		{7BD24AA6-B907-49B2-A1FE-E540A8DAF68B}.Release|Default.Deploy.0 = Release
	EndGlobalSection
	GlobalSection(SolutionProperties) = preSolution
		HideSolutionNode = FALSE
	EndGlobalSection
	GlobalSection(ExtensibilityGlobals) = postSolution
		SolutionGuid = {26E5A06E-C29B-4185-A709-A4DBD430852E}
	EndGlobalSection
EndGlobal
